
Microsoft Visual Studio Solution File, Format Version 12.00
# Visual Studio Version 16
VisualStudioVersion = 16.0.28621.142
MinimumVisualStudioVersion = 10.0.40219.1
Project("{2150E333-8FDC-42A3-9474-1A3956D46DE8}") = "src", "src", "{B4C9D343-A747-4FE0-B2F8-E6AE2F997E9B}"
EndProject
Project("{2150E333-8FDC-42A3-9474-1A3956D46DE8}") = "Solution Items", "Solution Items", "{5A1DCF02-358C-4460-B712-F402F199525C}"
	ProjectSection(SolutionItems) = preProject
		.travis.yml = .travis.yml
		NuGet.Config = NuGet.Config
	EndProjectSection
EndProject
Project("{2150E333-8FDC-42A3-9474-1A3956D46DE8}") = "tests", "tests", "{88FCAB03-5715-400D-A16E-2E6AEEEDB35F}"
EndProject
Project("{9A19103F-16F7-4668-BE54-9A1E7A4F7556}") = "Interchange", "src\Interchange\Interchange.csproj", "{7C6E8AE1-4D7F-4035-9800-0B88D3B4CF83}"
EndProject
Project("{9A19103F-16F7-4668-BE54-9A1E7A4F7556}") = "Interchange.Tests", "tests\Interchange.Tests.csproj", "{FB0C3417-718F-4263-BBD7-B27367304108}"
EndProject
Global
	GlobalSection(SolutionConfigurationPlatforms) = preSolution
		Debug|Any CPU = Debug|Any CPU
		Debug|x86 = Debug|x86
		Release|Any CPU = Release|Any CPU
		Release|x86 = Release|x86
	EndGlobalSection
	GlobalSection(ProjectConfigurationPlatforms) = postSolution
		{7C6E8AE1-4D7F-4035-9800-0B88D3B4CF83}.Debug|Any CPU.ActiveCfg = Debug|Any CPU
		{7C6E8AE1-4D7F-4035-9800-0B88D3B4CF83}.Debug|Any CPU.Build.0 = Debug|Any CPU
		{7C6E8AE1-4D7F-4035-9800-0B88D3B4CF83}.Debug|x86.ActiveCfg = Debug|Any CPU
		{7C6E8AE1-4D7F-4035-9800-0B88D3B4CF83}.Debug|x86.Build.0 = Debug|Any CPU
		{7C6E8AE1-4D7F-4035-9800-0B88D3B4CF83}.Release|Any CPU.ActiveCfg = Release|Any CPU
		{7C6E8AE1-4D7F-4035-9800-0B88D3B4CF83}.Release|Any CPU.Build.0 = Release|Any CPU
		{7C6E8AE1-4D7F-4035-9800-0B88D3B4CF83}.Release|x86.ActiveCfg = Release|Any CPU
		{7C6E8AE1-4D7F-4035-9800-0B88D3B4CF83}.Release|x86.Build.0 = Release|Any CPU
		{FB0C3417-718F-4263-BBD7-B27367304108}.Debug|Any CPU.ActiveCfg = Debug|Any CPU
		{FB0C3417-718F-4263-BBD7-B27367304108}.Debug|Any CPU.Build.0 = Debug|Any CPU
		{FB0C3417-718F-4263-BBD7-B27367304108}.Debug|x86.ActiveCfg = Debug|Any CPU
		{FB0C3417-718F-4263-BBD7-B27367304108}.Debug|x86.Build.0 = Debug|Any CPU
		{FB0C3417-718F-4263-BBD7-B27367304108}.Release|Any CPU.ActiveCfg = Release|Any CPU
		{FB0C3417-718F-4263-BBD7-B27367304108}.Release|Any CPU.Build.0 = Release|Any CPU
		{FB0C3417-718F-4263-BBD7-B27367304108}.Release|x86.ActiveCfg = Release|Any CPU
		{FB0C3417-718F-4263-BBD7-B27367304108}.Release|x86.Build.0 = Release|Any CPU
	EndGlobalSection
	GlobalSection(SolutionProperties) = preSolution
		HideSolutionNode = FALSE
	EndGlobalSection
	GlobalSection(NestedProjects) = preSolution
		{7C6E8AE1-4D7F-4035-9800-0B88D3B4CF83} = {B4C9D343-A747-4FE0-B2F8-E6AE2F997E9B}
		{FB0C3417-718F-4263-BBD7-B27367304108} = {88FCAB03-5715-400D-A16E-2E6AEEEDB35F}
	EndGlobalSection
	GlobalSection(ExtensibilityGlobals) = postSolution
		SolutionGuid = {619B7F4E-F83F-4D61-BC2F-F457AD9B263E}
	EndGlobalSection
EndGlobal
